
Microsoft Visual Studio Solution File, Format Version 12.00
Project("{FAE04EC0-301F-11D3-BF4B-00C04F79EFBC}") = "Problem_1_RageExpenses", "Problem_1_RageExpenses\Problem_1_RageExpenses.csproj", "{6BD9EAF5-983F-45CD-BC56-83EE0B036954}"
EndProject
Project("{FAE04EC0-301F-11D3-BF4B-00C04F79EFBC}") = "Problem_2_MemoryView", "Problem_2_MemoryView\Problem_2_MemoryView.csproj", "{51378824-0D5C-4A4E-A100-DAAA36797C0D}"
EndProject
Global
	GlobalSection(SolutionConfigurationPlatforms) = preSolution
		Debug|Any CPU = Debug|Any CPU
		Release|Any CPU = Release|Any CPU
	EndGlobalSection
	GlobalSection(ProjectConfigurationPlatforms) = postSolution
		{6BD9EAF5-983F-45CD-BC56-83EE0B036954}.Debug|Any CPU.ActiveCfg = Debug|Any CPU
		{6BD9EAF5-983F-45CD-BC56-83EE0B036954}.Debug|Any CPU.Build.0 = Debug|Any CPU
		{6BD9EAF5-983F-45CD-BC56-83EE0B036954}.Release|Any CPU.ActiveCfg = Release|Any CPU
		{6BD9EAF5-983F-45CD-BC56-83EE0B036954}.Release|Any CPU.Build.0 = Release|Any CPU
		{51378824-0D5C-4A4E-A100-DAAA36797C0D}.Debug|Any CPU.ActiveCfg = Debug|Any CPU
		{51378824-0D5C-4A4E-A100-DAAA36797C0D}.Debug|Any CPU.Build.0 = Debug|Any CPU
		{51378824-0D5C-4A4E-A100-DAAA36797C0D}.Release|Any CPU.ActiveCfg = Release|Any CPU
		{51378824-0D5C-4A4E-A100-DAAA36797C0D}.Release|Any CPU.Build.0 = Release|Any CPU
	EndGlobalSection
EndGlobal
