
Microsoft Visual Studio Solution File, Format Version 12.00
# Visual Studio 14
VisualStudioVersion = 14.0.23107.0
MinimumVisualStudioVersion = 10.0.40219.1
Project("{FAE04EC0-301F-11D3-BF4B-00C04F79EFBC}") = "01.OddLines", "01.OddLines\01.OddLines.csproj", "{B8F75350-81E8-4FBB-A500-D903C25AD5EA}"
EndProject
Project("{FAE04EC0-301F-11D3-BF4B-00C04F79EFBC}") = "02.LineNumbers", "02.LineNumbers\02.LineNumbers.csproj", "{B91A25FD-DA39-4C4A-AA00-FC82A0B67D6C}"
EndProject
Project("{FAE04EC0-301F-11D3-BF4B-00C04F79EFBC}") = "03.WordCount", "03.WordCount\03.WordCount.csproj", "{3C9C2EE3-E652-4C4C-9700-73B4932803B2}"
EndProject
Project("{FAE04EC0-301F-11D3-BF4B-00C04F79EFBC}") = "04.CopyBinaryFile", "04.CopyBinaryFile\04.CopyBinaryFile.csproj", "{2A83A14D-C77E-4D97-875D-61672045DD92}"
EndProject
Global
	GlobalSection(SolutionConfigurationPlatforms) = preSolution
		Debug|Any CPU = Debug|Any CPU
		Release|Any CPU = Release|Any CPU
	EndGlobalSection
	GlobalSection(ProjectConfigurationPlatforms) = postSolution
		{B8F75350-81E8-4FBB-A500-D903C25AD5EA}.Debug|Any CPU.ActiveCfg = Debug|Any CPU
		{B8F75350-81E8-4FBB-A500-D903C25AD5EA}.Debug|Any CPU.Build.0 = Debug|Any CPU
		{B8F75350-81E8-4FBB-A500-D903C25AD5EA}.Release|Any CPU.ActiveCfg = Release|Any CPU
		{B8F75350-81E8-4FBB-A500-D903C25AD5EA}.Release|Any CPU.Build.0 = Release|Any CPU
		{B91A25FD-DA39-4C4A-AA00-FC82A0B67D6C}.Debug|Any CPU.ActiveCfg = Debug|Any CPU
		{B91A25FD-DA39-4C4A-AA00-FC82A0B67D6C}.Debug|Any CPU.Build.0 = Debug|Any CPU
		{B91A25FD-DA39-4C4A-AA00-FC82A0B67D6C}.Release|Any CPU.ActiveCfg = Release|Any CPU
		{B91A25FD-DA39-4C4A-AA00-FC82A0B67D6C}.Release|Any CPU.Build.0 = Release|Any CPU
		{3C9C2EE3-E652-4C4C-9700-73B4932803B2}.Debug|Any CPU.ActiveCfg = Debug|Any CPU
		{3C9C2EE3-E652-4C4C-9700-73B4932803B2}.Debug|Any CPU.Build.0 = Debug|Any CPU
		{3C9C2EE3-E652-4C4C-9700-73B4932803B2}.Release|Any CPU.ActiveCfg = Release|Any CPU
		{3C9C2EE3-E652-4C4C-9700-73B4932803B2}.Release|Any CPU.Build.0 = Release|Any CPU
		{2A83A14D-C77E-4D97-875D-61672045DD92}.Debug|Any CPU.ActiveCfg = Debug|Any CPU
		{2A83A14D-C77E-4D97-875D-61672045DD92}.Debug|Any CPU.Build.0 = Debug|Any CPU
		{2A83A14D-C77E-4D97-875D-61672045DD92}.Release|Any CPU.ActiveCfg = Release|Any CPU
		{2A83A14D-C77E-4D97-875D-61672045DD92}.Release|Any CPU.Build.0 = Release|Any CPU
	EndGlobalSection
	GlobalSection(SolutionProperties) = preSolution
		HideSolutionNode = FALSE
	EndGlobalSection
EndGlobal
