
Microsoft Visual Studio Solution File, Format Version 12.00
# Visual Studio 14
VisualStudioVersion = 14.0.24720.0
MinimumVisualStudioVersion = 10.0.40219.1
Project("{FAE04EC0-301F-11D3-BF4B-00C04F79EFBC}") = "01.ReveerseNumbersWithStack", "01.ReveerseNumbersWithStack\01.ReveerseNumbersWithStack.csproj", "{5A16AD7F-FCA1-46F5-82EF-A74A41F72FF9}"
EndProject
Project("{FAE04EC0-301F-11D3-BF4B-00C04F79EFBC}") = "02.CalculateSequence", "02.CalculateSequence\02.CalculateSequence.csproj", "{6F372DF8-CF25-464A-8818-47B2256E664E}"
EndProject
Project("{FAE04EC0-301F-11D3-BF4B-00C04F79EFBC}") = "03.ArrayStack", "03.ArrayStack\03.ArrayStack.csproj", "{ECEE639D-C38B-4C83-B728-B43A83CD0798}"
EndProject
Project("{FAE04EC0-301F-11D3-BF4B-00C04F79EFBC}") = "04.ArrayStackTests", "03.ArrayStackTests\04.ArrayStackTests.csproj", "{544B3DAE-6BDF-4EDE-8F75-4D40E226FCF2}"
EndProject
Project("{FAE04EC0-301F-11D3-BF4B-00C04F79EFBC}") = "05.LinkedStack", "05.LinkedStack\05.LinkedStack.csproj", "{61F8868A-8F30-448C-96E7-9B67ECF17115}"
EndProject
Project("{FAE04EC0-301F-11D3-BF4B-00C04F79EFBC}") = "06.LinkedStackTests", "05.LinkedStackTests\06.LinkedStackTests.csproj", "{073C0AF6-A7E1-49F9-AAAA-B1084F127FE7}"
EndProject
Project("{FAE04EC0-301F-11D3-BF4B-00C04F79EFBC}") = "07.LinkedQueue", "07.LinkedQueue\07.LinkedQueue.csproj", "{C0175A16-0E46-4386-8660-C6BFB49F8A2F}"
EndProject
Project("{FAE04EC0-301F-11D3-BF4B-00C04F79EFBC}") = "08.LinkedQueueTests", "07.LinkedQueueTests\08.LinkedQueueTests.csproj", "{47C7271E-517F-42BD-BB6B-A45539BA8E15}"
EndProject
Global
	GlobalSection(SolutionConfigurationPlatforms) = preSolution
		Debug|Any CPU = Debug|Any CPU
		Release|Any CPU = Release|Any CPU
	EndGlobalSection
	GlobalSection(ProjectConfigurationPlatforms) = postSolution
		{5A16AD7F-FCA1-46F5-82EF-A74A41F72FF9}.Debug|Any CPU.ActiveCfg = Debug|Any CPU
		{5A16AD7F-FCA1-46F5-82EF-A74A41F72FF9}.Debug|Any CPU.Build.0 = Debug|Any CPU
		{5A16AD7F-FCA1-46F5-82EF-A74A41F72FF9}.Release|Any CPU.ActiveCfg = Release|Any CPU
		{5A16AD7F-FCA1-46F5-82EF-A74A41F72FF9}.Release|Any CPU.Build.0 = Release|Any CPU
		{6F372DF8-CF25-464A-8818-47B2256E664E}.Debug|Any CPU.ActiveCfg = Debug|Any CPU
		{6F372DF8-CF25-464A-8818-47B2256E664E}.Debug|Any CPU.Build.0 = Debug|Any CPU
		{6F372DF8-CF25-464A-8818-47B2256E664E}.Release|Any CPU.ActiveCfg = Release|Any CPU
		{6F372DF8-CF25-464A-8818-47B2256E664E}.Release|Any CPU.Build.0 = Release|Any CPU
		{ECEE639D-C38B-4C83-B728-B43A83CD0798}.Debug|Any CPU.ActiveCfg = Debug|Any CPU
		{ECEE639D-C38B-4C83-B728-B43A83CD0798}.Debug|Any CPU.Build.0 = Debug|Any CPU
		{ECEE639D-C38B-4C83-B728-B43A83CD0798}.Release|Any CPU.ActiveCfg = Release|Any CPU
		{ECEE639D-C38B-4C83-B728-B43A83CD0798}.Release|Any CPU.Build.0 = Release|Any CPU
		{544B3DAE-6BDF-4EDE-8F75-4D40E226FCF2}.Debug|Any CPU.ActiveCfg = Debug|Any CPU
		{544B3DAE-6BDF-4EDE-8F75-4D40E226FCF2}.Debug|Any CPU.Build.0 = Debug|Any CPU
		{544B3DAE-6BDF-4EDE-8F75-4D40E226FCF2}.Release|Any CPU.ActiveCfg = Release|Any CPU
		{544B3DAE-6BDF-4EDE-8F75-4D40E226FCF2}.Release|Any CPU.Build.0 = Release|Any CPU
		{61F8868A-8F30-448C-96E7-9B67ECF17115}.Debug|Any CPU.ActiveCfg = Debug|Any CPU
		{61F8868A-8F30-448C-96E7-9B67ECF17115}.Debug|Any CPU.Build.0 = Debug|Any CPU
		{61F8868A-8F30-448C-96E7-9B67ECF17115}.Release|Any CPU.ActiveCfg = Release|Any CPU
		{61F8868A-8F30-448C-96E7-9B67ECF17115}.Release|Any CPU.Build.0 = Release|Any CPU
		{073C0AF6-A7E1-49F9-AAAA-B1084F127FE7}.Debug|Any CPU.ActiveCfg = Debug|Any CPU
		{073C0AF6-A7E1-49F9-AAAA-B1084F127FE7}.Debug|Any CPU.Build.0 = Debug|Any CPU
		{073C0AF6-A7E1-49F9-AAAA-B1084F127FE7}.Release|Any CPU.ActiveCfg = Release|Any CPU
		{073C0AF6-A7E1-49F9-AAAA-B1084F127FE7}.Release|Any CPU.Build.0 = Release|Any CPU
		{C0175A16-0E46-4386-8660-C6BFB49F8A2F}.Debug|Any CPU.ActiveCfg = Debug|Any CPU
		{C0175A16-0E46-4386-8660-C6BFB49F8A2F}.Debug|Any CPU.Build.0 = Debug|Any CPU
		{C0175A16-0E46-4386-8660-C6BFB49F8A2F}.Release|Any CPU.ActiveCfg = Release|Any CPU
		{C0175A16-0E46-4386-8660-C6BFB49F8A2F}.Release|Any CPU.Build.0 = Release|Any CPU
		{47C7271E-517F-42BD-BB6B-A45539BA8E15}.Debug|Any CPU.ActiveCfg = Debug|Any CPU
		{47C7271E-517F-42BD-BB6B-A45539BA8E15}.Debug|Any CPU.Build.0 = Debug|Any CPU
		{47C7271E-517F-42BD-BB6B-A45539BA8E15}.Release|Any CPU.ActiveCfg = Release|Any CPU
		{47C7271E-517F-42BD-BB6B-A45539BA8E15}.Release|Any CPU.Build.0 = Release|Any CPU
	EndGlobalSection
	GlobalSection(SolutionProperties) = preSolution
		HideSolutionNode = FALSE
	EndGlobalSection
EndGlobal
