
Microsoft Visual Studio Solution File, Format Version 12.00
Project("{FAE04EC0-301F-11D3-BF4B-00C04F79EFBC}") = "_1.ExtractEmails", "_1.ExtractEmails\_1.ExtractEmails.csproj", "{1A696080-8496-4B3E-891B-68A9F474A9BE}"
EndProject
Project("{FAE04EC0-301F-11D3-BF4B-00C04F79EFBC}") = "_2.ExtractSentencesByKeyword", "_2.ExtractSentencesByKeyword\_2.ExtractSentencesByKeyword.csproj", "{C967CA59-78E9-429B-93D3-4434FC294E77}"
EndProject
Project("{FAE04EC0-301F-11D3-BF4B-00C04F79EFBC}") = "_3.CameraView", "_3.CameraView\_3.CameraView.csproj", "{E3402C4D-6C13-45B2-801F-7FB68B146615}"
EndProject
Project("{FAE04EC0-301F-11D3-BF4B-00C04F79EFBC}") = "_4.Weather", "_4.Weather\_4.Weather.csproj", "{6C2A930A-F6B7-4892-A897-E6FE58B6B8D1}"
EndProject
Project("{FAE04EC0-301F-11D3-BF4B-00C04F79EFBC}") = "_5.KeyReplacer", "_5.KeyReplacer\_5.KeyReplacer.csproj", "{9E8A05ED-4C5E-452A-A2EE-3892CAE7F071}"
EndProject
Global
	GlobalSection(SolutionConfigurationPlatforms) = preSolution
		Debug|Any CPU = Debug|Any CPU
		Release|Any CPU = Release|Any CPU
	EndGlobalSection
	GlobalSection(ProjectConfigurationPlatforms) = postSolution
		{1A696080-8496-4B3E-891B-68A9F474A9BE}.Debug|Any CPU.ActiveCfg = Debug|Any CPU
		{1A696080-8496-4B3E-891B-68A9F474A9BE}.Debug|Any CPU.Build.0 = Debug|Any CPU
		{1A696080-8496-4B3E-891B-68A9F474A9BE}.Release|Any CPU.ActiveCfg = Release|Any CPU
		{1A696080-8496-4B3E-891B-68A9F474A9BE}.Release|Any CPU.Build.0 = Release|Any CPU
		{C967CA59-78E9-429B-93D3-4434FC294E77}.Debug|Any CPU.ActiveCfg = Debug|Any CPU
		{C967CA59-78E9-429B-93D3-4434FC294E77}.Debug|Any CPU.Build.0 = Debug|Any CPU
		{C967CA59-78E9-429B-93D3-4434FC294E77}.Release|Any CPU.ActiveCfg = Release|Any CPU
		{C967CA59-78E9-429B-93D3-4434FC294E77}.Release|Any CPU.Build.0 = Release|Any CPU
		{E3402C4D-6C13-45B2-801F-7FB68B146615}.Debug|Any CPU.ActiveCfg = Debug|Any CPU
		{E3402C4D-6C13-45B2-801F-7FB68B146615}.Debug|Any CPU.Build.0 = Debug|Any CPU
		{E3402C4D-6C13-45B2-801F-7FB68B146615}.Release|Any CPU.ActiveCfg = Release|Any CPU
		{E3402C4D-6C13-45B2-801F-7FB68B146615}.Release|Any CPU.Build.0 = Release|Any CPU
		{6C2A930A-F6B7-4892-A897-E6FE58B6B8D1}.Debug|Any CPU.ActiveCfg = Debug|Any CPU
		{6C2A930A-F6B7-4892-A897-E6FE58B6B8D1}.Debug|Any CPU.Build.0 = Debug|Any CPU
		{6C2A930A-F6B7-4892-A897-E6FE58B6B8D1}.Release|Any CPU.ActiveCfg = Release|Any CPU
		{6C2A930A-F6B7-4892-A897-E6FE58B6B8D1}.Release|Any CPU.Build.0 = Release|Any CPU
		{9E8A05ED-4C5E-452A-A2EE-3892CAE7F071}.Debug|Any CPU.ActiveCfg = Debug|Any CPU
		{9E8A05ED-4C5E-452A-A2EE-3892CAE7F071}.Debug|Any CPU.Build.0 = Debug|Any CPU
		{9E8A05ED-4C5E-452A-A2EE-3892CAE7F071}.Release|Any CPU.ActiveCfg = Release|Any CPU
		{9E8A05ED-4C5E-452A-A2EE-3892CAE7F071}.Release|Any CPU.Build.0 = Release|Any CPU
	EndGlobalSection
EndGlobal
