
Microsoft Visual Studio Solution File, Format Version 12.00
# Visual Studio 14
VisualStudioVersion = 14.0.23107.0
MinimumVisualStudioVersion = 10.0.40219.1
Project("{FAE04EC0-301F-11D3-BF4B-00C04F79EFBC}") = "01.SquareRoot", "01.SquareRoot\01.SquareRoot.csproj", "{98F1D521-A3B8-4068-854C-DD79542B60E2}"
EndProject
Project("{FAE04EC0-301F-11D3-BF4B-00C04F79EFBC}") = "02.EnterNumbers", "02.EnterNumbers\02.EnterNumbers.csproj", "{DE735BBE-5E49-4F53-9188-78944CB17904}"
EndProject
Global
	GlobalSection(SolutionConfigurationPlatforms) = preSolution
		Debug|Any CPU = Debug|Any CPU
		Release|Any CPU = Release|Any CPU
	EndGlobalSection
	GlobalSection(ProjectConfigurationPlatforms) = postSolution
		{98F1D521-A3B8-4068-854C-DD79542B60E2}.Debug|Any CPU.ActiveCfg = Debug|Any CPU
		{98F1D521-A3B8-4068-854C-DD79542B60E2}.Debug|Any CPU.Build.0 = Debug|Any CPU
		{98F1D521-A3B8-4068-854C-DD79542B60E2}.Release|Any CPU.ActiveCfg = Release|Any CPU
		{98F1D521-A3B8-4068-854C-DD79542B60E2}.Release|Any CPU.Build.0 = Release|Any CPU
		{DE735BBE-5E49-4F53-9188-78944CB17904}.Debug|Any CPU.ActiveCfg = Debug|Any CPU
		{DE735BBE-5E49-4F53-9188-78944CB17904}.Debug|Any CPU.Build.0 = Debug|Any CPU
		{DE735BBE-5E49-4F53-9188-78944CB17904}.Release|Any CPU.ActiveCfg = Release|Any CPU
		{DE735BBE-5E49-4F53-9188-78944CB17904}.Release|Any CPU.Build.0 = Release|Any CPU
	EndGlobalSection
	GlobalSection(SolutionProperties) = preSolution
		HideSolutionNode = FALSE
	EndGlobalSection
EndGlobal
