
Microsoft Visual Studio Solution File, Format Version 12.00
# Visual Studio 14
VisualStudioVersion = 14.0.23107.0
MinimumVisualStudioVersion = 10.0.40219.1
Project("{FAE04EC0-301F-11D3-BF4B-00C04F79EFBC}") = "Problem1", "Problem1\Problem1.csproj", "{17633F93-94BA-4EB1-BBFE-0D8565F62733}"
EndProject
Project("{FAE04EC0-301F-11D3-BF4B-00C04F79EFBC}") = "Problem2", "Problem2\Problem2.csproj", "{E03300EF-50A4-4FF1-BA26-99B427AFDA4D}"
EndProject
Project("{FAE04EC0-301F-11D3-BF4B-00C04F79EFBC}") = "Problem3", "Problem3\Problem3.csproj", "{C30FEA58-8AC9-4203-A020-B37E43D2B6D5}"
EndProject
Project("{FAE04EC0-301F-11D3-BF4B-00C04F79EFBC}") = "Problem4", "Problem4\Problem4.csproj", "{3536C6F3-CC05-44FA-88B6-A186036B48B2}"
EndProject
Project("{FAE04EC0-301F-11D3-BF4B-00C04F79EFBC}") = "Problem5", "Problem5\Problem5.csproj", "{8387DDC1-04DE-475E-8B23-7054BDD9FDD5}"
EndProject
Global
	GlobalSection(SolutionConfigurationPlatforms) = preSolution
		Debug|Any CPU = Debug|Any CPU
		Release|Any CPU = Release|Any CPU
	EndGlobalSection
	GlobalSection(ProjectConfigurationPlatforms) = postSolution
		{17633F93-94BA-4EB1-BBFE-0D8565F62733}.Debug|Any CPU.ActiveCfg = Debug|Any CPU
		{17633F93-94BA-4EB1-BBFE-0D8565F62733}.Debug|Any CPU.Build.0 = Debug|Any CPU
		{17633F93-94BA-4EB1-BBFE-0D8565F62733}.Release|Any CPU.ActiveCfg = Release|Any CPU
		{17633F93-94BA-4EB1-BBFE-0D8565F62733}.Release|Any CPU.Build.0 = Release|Any CPU
		{E03300EF-50A4-4FF1-BA26-99B427AFDA4D}.Debug|Any CPU.ActiveCfg = Debug|Any CPU
		{E03300EF-50A4-4FF1-BA26-99B427AFDA4D}.Debug|Any CPU.Build.0 = Debug|Any CPU
		{E03300EF-50A4-4FF1-BA26-99B427AFDA4D}.Release|Any CPU.ActiveCfg = Release|Any CPU
		{E03300EF-50A4-4FF1-BA26-99B427AFDA4D}.Release|Any CPU.Build.0 = Release|Any CPU
		{C30FEA58-8AC9-4203-A020-B37E43D2B6D5}.Debug|Any CPU.ActiveCfg = Debug|Any CPU
		{C30FEA58-8AC9-4203-A020-B37E43D2B6D5}.Debug|Any CPU.Build.0 = Debug|Any CPU
		{C30FEA58-8AC9-4203-A020-B37E43D2B6D5}.Release|Any CPU.ActiveCfg = Release|Any CPU
		{C30FEA58-8AC9-4203-A020-B37E43D2B6D5}.Release|Any CPU.Build.0 = Release|Any CPU
		{3536C6F3-CC05-44FA-88B6-A186036B48B2}.Debug|Any CPU.ActiveCfg = Debug|Any CPU
		{3536C6F3-CC05-44FA-88B6-A186036B48B2}.Debug|Any CPU.Build.0 = Debug|Any CPU
		{3536C6F3-CC05-44FA-88B6-A186036B48B2}.Release|Any CPU.ActiveCfg = Release|Any CPU
		{3536C6F3-CC05-44FA-88B6-A186036B48B2}.Release|Any CPU.Build.0 = Release|Any CPU
		{8387DDC1-04DE-475E-8B23-7054BDD9FDD5}.Debug|Any CPU.ActiveCfg = Debug|Any CPU
		{8387DDC1-04DE-475E-8B23-7054BDD9FDD5}.Debug|Any CPU.Build.0 = Debug|Any CPU
		{8387DDC1-04DE-475E-8B23-7054BDD9FDD5}.Release|Any CPU.ActiveCfg = Release|Any CPU
		{8387DDC1-04DE-475E-8B23-7054BDD9FDD5}.Release|Any CPU.Build.0 = Release|Any CPU
	EndGlobalSection
	GlobalSection(SolutionProperties) = preSolution
		HideSolutionNode = FALSE
	EndGlobalSection
EndGlobal
