
Microsoft Visual Studio Solution File, Format Version 12.00
# Visual Studio 14
VisualStudioVersion = 14.0.23107.0
MinimumVisualStudioVersion = 10.0.40219.1
Project("{8BC9CEB8-8B4A-11D0-8D11-00A0C91BC942}") = "01.BiggerNumber", "01.BiggerNumber\01.BiggerNumber.vcxproj", "{36279C7C-A1E8-44FB-8D18-32511DA254D5}"
EndProject
Project("{8BC9CEB8-8B4A-11D0-8D11-00A0C91BC942}") = "02.LastDigits", "02.LastDigits\02.LastDigits.vcxproj", "{7EAA7A97-B17A-4904-8768-2C1306964B1F}"
EndProject
Project("{8BC9CEB8-8B4A-11D0-8D11-00A0C91BC942}") = "03.LastOccurenceOfChar", "03.LastOccurenceOfChar\03.LastOccurenceOfChar.vcxproj", "{0C118366-D70A-4680-9E8A-8B8F8F9AAB44}"
EndProject
Project("{8BC9CEB8-8B4A-11D0-8D11-00A0C91BC942}") = "04.ReverseNumber", "04.ReverseNumber\04.ReverseNumber.vcxproj", "{C80FF780-EB9F-4E69-B077-728826A97845}"
EndProject
Project("{8BC9CEB8-8B4A-11D0-8D11-00A0C91BC942}") = "05.ArrayManipulation", "05.ArrayManipulation\05.ArrayManipulation.vcxproj", "{6FFAC4BD-157F-4443-92C3-767B7A5498CF}"
EndProject
Project("{8BC9CEB8-8B4A-11D0-8D11-00A0C91BC942}") = "06.FirstLargerThanNeighbours", "06.FirstLargerThanNeighbours\06.FirstLargerThanNeighbours.vcxproj", "{B1BF8B17-7F44-42CE-BAA6-8AA2C21E0459}"
EndProject
Project("{8BC9CEB8-8B4A-11D0-8D11-00A0C91BC942}") = "07.RecurciveStringReverse", "07.RecurciveStringReverse\07.RecurciveStringReverse.vcxproj", "{CF821F0F-6EC9-4CF1-ADEB-0AF1BC68ACD0}"
EndProject
Global
	GlobalSection(SolutionConfigurationPlatforms) = preSolution
		Debug|x64 = Debug|x64
		Debug|x86 = Debug|x86
		Release|x64 = Release|x64
		Release|x86 = Release|x86
	EndGlobalSection
	GlobalSection(ProjectConfigurationPlatforms) = postSolution
		{36279C7C-A1E8-44FB-8D18-32511DA254D5}.Debug|x64.ActiveCfg = Debug|x64
		{36279C7C-A1E8-44FB-8D18-32511DA254D5}.Debug|x64.Build.0 = Debug|x64
		{36279C7C-A1E8-44FB-8D18-32511DA254D5}.Debug|x86.ActiveCfg = Debug|Win32
		{36279C7C-A1E8-44FB-8D18-32511DA254D5}.Debug|x86.Build.0 = Debug|Win32
		{36279C7C-A1E8-44FB-8D18-32511DA254D5}.Release|x64.ActiveCfg = Release|x64
		{36279C7C-A1E8-44FB-8D18-32511DA254D5}.Release|x64.Build.0 = Release|x64
		{36279C7C-A1E8-44FB-8D18-32511DA254D5}.Release|x86.ActiveCfg = Release|Win32
		{36279C7C-A1E8-44FB-8D18-32511DA254D5}.Release|x86.Build.0 = Release|Win32
		{7EAA7A97-B17A-4904-8768-2C1306964B1F}.Debug|x64.ActiveCfg = Debug|x64
		{7EAA7A97-B17A-4904-8768-2C1306964B1F}.Debug|x64.Build.0 = Debug|x64
		{7EAA7A97-B17A-4904-8768-2C1306964B1F}.Debug|x86.ActiveCfg = Debug|Win32
		{7EAA7A97-B17A-4904-8768-2C1306964B1F}.Debug|x86.Build.0 = Debug|Win32
		{7EAA7A97-B17A-4904-8768-2C1306964B1F}.Release|x64.ActiveCfg = Release|x64
		{7EAA7A97-B17A-4904-8768-2C1306964B1F}.Release|x64.Build.0 = Release|x64
		{7EAA7A97-B17A-4904-8768-2C1306964B1F}.Release|x86.ActiveCfg = Release|Win32
		{7EAA7A97-B17A-4904-8768-2C1306964B1F}.Release|x86.Build.0 = Release|Win32
		{0C118366-D70A-4680-9E8A-8B8F8F9AAB44}.Debug|x64.ActiveCfg = Debug|x64
		{0C118366-D70A-4680-9E8A-8B8F8F9AAB44}.Debug|x64.Build.0 = Debug|x64
		{0C118366-D70A-4680-9E8A-8B8F8F9AAB44}.Debug|x86.ActiveCfg = Debug|Win32
		{0C118366-D70A-4680-9E8A-8B8F8F9AAB44}.Debug|x86.Build.0 = Debug|Win32
		{0C118366-D70A-4680-9E8A-8B8F8F9AAB44}.Release|x64.ActiveCfg = Release|x64
		{0C118366-D70A-4680-9E8A-8B8F8F9AAB44}.Release|x64.Build.0 = Release|x64
		{0C118366-D70A-4680-9E8A-8B8F8F9AAB44}.Release|x86.ActiveCfg = Release|Win32
		{0C118366-D70A-4680-9E8A-8B8F8F9AAB44}.Release|x86.Build.0 = Release|Win32
		{C80FF780-EB9F-4E69-B077-728826A97845}.Debug|x64.ActiveCfg = Debug|x64
		{C80FF780-EB9F-4E69-B077-728826A97845}.Debug|x64.Build.0 = Debug|x64
		{C80FF780-EB9F-4E69-B077-728826A97845}.Debug|x86.ActiveCfg = Debug|Win32
		{C80FF780-EB9F-4E69-B077-728826A97845}.Debug|x86.Build.0 = Debug|Win32
		{C80FF780-EB9F-4E69-B077-728826A97845}.Release|x64.ActiveCfg = Release|x64
		{C80FF780-EB9F-4E69-B077-728826A97845}.Release|x64.Build.0 = Release|x64
		{C80FF780-EB9F-4E69-B077-728826A97845}.Release|x86.ActiveCfg = Release|Win32
		{C80FF780-EB9F-4E69-B077-728826A97845}.Release|x86.Build.0 = Release|Win32
		{6FFAC4BD-157F-4443-92C3-767B7A5498CF}.Debug|x64.ActiveCfg = Debug|x64
		{6FFAC4BD-157F-4443-92C3-767B7A5498CF}.Debug|x64.Build.0 = Debug|x64
		{6FFAC4BD-157F-4443-92C3-767B7A5498CF}.Debug|x86.ActiveCfg = Debug|Win32
		{6FFAC4BD-157F-4443-92C3-767B7A5498CF}.Debug|x86.Build.0 = Debug|Win32
		{6FFAC4BD-157F-4443-92C3-767B7A5498CF}.Release|x64.ActiveCfg = Release|x64
		{6FFAC4BD-157F-4443-92C3-767B7A5498CF}.Release|x64.Build.0 = Release|x64
		{6FFAC4BD-157F-4443-92C3-767B7A5498CF}.Release|x86.ActiveCfg = Release|Win32
		{6FFAC4BD-157F-4443-92C3-767B7A5498CF}.Release|x86.Build.0 = Release|Win32
		{B1BF8B17-7F44-42CE-BAA6-8AA2C21E0459}.Debug|x64.ActiveCfg = Debug|x64
		{B1BF8B17-7F44-42CE-BAA6-8AA2C21E0459}.Debug|x64.Build.0 = Debug|x64
		{B1BF8B17-7F44-42CE-BAA6-8AA2C21E0459}.Debug|x86.ActiveCfg = Debug|Win32
		{B1BF8B17-7F44-42CE-BAA6-8AA2C21E0459}.Debug|x86.Build.0 = Debug|Win32
		{B1BF8B17-7F44-42CE-BAA6-8AA2C21E0459}.Release|x64.ActiveCfg = Release|x64
		{B1BF8B17-7F44-42CE-BAA6-8AA2C21E0459}.Release|x64.Build.0 = Release|x64
		{B1BF8B17-7F44-42CE-BAA6-8AA2C21E0459}.Release|x86.ActiveCfg = Release|Win32
		{B1BF8B17-7F44-42CE-BAA6-8AA2C21E0459}.Release|x86.Build.0 = Release|Win32
		{CF821F0F-6EC9-4CF1-ADEB-0AF1BC68ACD0}.Debug|x64.ActiveCfg = Debug|x64
		{CF821F0F-6EC9-4CF1-ADEB-0AF1BC68ACD0}.Debug|x64.Build.0 = Debug|x64
		{CF821F0F-6EC9-4CF1-ADEB-0AF1BC68ACD0}.Debug|x86.ActiveCfg = Debug|Win32
		{CF821F0F-6EC9-4CF1-ADEB-0AF1BC68ACD0}.Debug|x86.Build.0 = Debug|Win32
		{CF821F0F-6EC9-4CF1-ADEB-0AF1BC68ACD0}.Release|x64.ActiveCfg = Release|x64
		{CF821F0F-6EC9-4CF1-ADEB-0AF1BC68ACD0}.Release|x64.Build.0 = Release|x64
		{CF821F0F-6EC9-4CF1-ADEB-0AF1BC68ACD0}.Release|x86.ActiveCfg = Release|Win32
		{CF821F0F-6EC9-4CF1-ADEB-0AF1BC68ACD0}.Release|x86.Build.0 = Release|Win32
	EndGlobalSection
	GlobalSection(SolutionProperties) = preSolution
		HideSolutionNode = FALSE
	EndGlobalSection
EndGlobal
