
Microsoft Visual Studio Solution File, Format Version 12.00
# Visual Studio 14
VisualStudioVersion = 14.0.23107.0
MinimumVisualStudioVersion = 10.0.40219.1
Project("{FAE04EC0-301F-11D3-BF4B-00C04F79EFBC}") = "01.PlusRemove", "01.PlusRemove\01.PlusRemove.csproj", "{5033B217-5914-4B9B-B334-C8E55FB62E5B}"
EndProject
Project("{FAE04EC0-301F-11D3-BF4B-00C04F79EFBC}") = "02.StringMatrixRotation", "02.StringMatrixRotation\02.StringMatrixRotation.csproj", "{E79DC1B9-C623-40A7-AE5F-B927A51AF528}"
EndProject
Global
	GlobalSection(SolutionConfigurationPlatforms) = preSolution
		Debug|Any CPU = Debug|Any CPU
		Release|Any CPU = Release|Any CPU
	EndGlobalSection
	GlobalSection(ProjectConfigurationPlatforms) = postSolution
		{5033B217-5914-4B9B-B334-C8E55FB62E5B}.Debug|Any CPU.ActiveCfg = Debug|Any CPU
		{5033B217-5914-4B9B-B334-C8E55FB62E5B}.Debug|Any CPU.Build.0 = Debug|Any CPU
		{5033B217-5914-4B9B-B334-C8E55FB62E5B}.Release|Any CPU.ActiveCfg = Release|Any CPU
		{5033B217-5914-4B9B-B334-C8E55FB62E5B}.Release|Any CPU.Build.0 = Release|Any CPU
		{E79DC1B9-C623-40A7-AE5F-B927A51AF528}.Debug|Any CPU.ActiveCfg = Debug|Any CPU
		{E79DC1B9-C623-40A7-AE5F-B927A51AF528}.Debug|Any CPU.Build.0 = Debug|Any CPU
		{E79DC1B9-C623-40A7-AE5F-B927A51AF528}.Release|Any CPU.ActiveCfg = Release|Any CPU
		{E79DC1B9-C623-40A7-AE5F-B927A51AF528}.Release|Any CPU.Build.0 = Release|Any CPU
	EndGlobalSection
	GlobalSection(SolutionProperties) = preSolution
		HideSolutionNode = FALSE
	EndGlobalSection
EndGlobal
