
Microsoft Visual Studio Solution File, Format Version 12.00
# Visual Studio 15
VisualStudioVersion = 15.0.27703.1
MinimumVisualStudioVersion = 10.0.40219.1
Project("{FAE04EC0-301F-11D3-BF4B-00C04F79EFBC}") = "01.DebitCardNumber", "01.DebitCardNumber\01.DebitCardNumber.csproj", "{4B64BA8B-E96D-413E-9E87-A05B1CE58EC2}"
EndProject
Project("{FAE04EC0-301F-11D3-BF4B-00C04F79EFBC}") = "RectangleArea", "RectangleArea\RectangleArea.csproj", "{6001C890-00AA-4212-BC41-070D2A5F1EC2}"
EndProject
Project("{FAE04EC0-301F-11D3-BF4B-00C04F79EFBC}") = "MilesToKilometers", "MilesToKilometers\MilesToKilometers.csproj", "{78419515-AA99-4A6F-ADE1-79B1249B37F1}"
EndProject
Project("{FAE04EC0-301F-11D3-BF4B-00C04F79EFBC}") = "BeverageLabels", "BeverageLabels\BeverageLabels.csproj", "{143EF234-DB01-41F0-9880-ABAA63DD13D2}"
EndProject
Project("{FAE04EC0-301F-11D3-BF4B-00C04F79EFBC}") = "CharacterStats", "CharacterStats\CharacterStats.csproj", "{9DAE9223-9424-460F-A646-1FB8805BF425}"
EndProject
Global
	GlobalSection(SolutionConfigurationPlatforms) = preSolution
		Debug|Any CPU = Debug|Any CPU
		Release|Any CPU = Release|Any CPU
	EndGlobalSection
	GlobalSection(ProjectConfigurationPlatforms) = postSolution
		{4B64BA8B-E96D-413E-9E87-A05B1CE58EC2}.Debug|Any CPU.ActiveCfg = Debug|Any CPU
		{4B64BA8B-E96D-413E-9E87-A05B1CE58EC2}.Debug|Any CPU.Build.0 = Debug|Any CPU
		{4B64BA8B-E96D-413E-9E87-A05B1CE58EC2}.Release|Any CPU.ActiveCfg = Release|Any CPU
		{4B64BA8B-E96D-413E-9E87-A05B1CE58EC2}.Release|Any CPU.Build.0 = Release|Any CPU
		{6001C890-00AA-4212-BC41-070D2A5F1EC2}.Debug|Any CPU.ActiveCfg = Debug|Any CPU
		{6001C890-00AA-4212-BC41-070D2A5F1EC2}.Debug|Any CPU.Build.0 = Debug|Any CPU
		{6001C890-00AA-4212-BC41-070D2A5F1EC2}.Release|Any CPU.ActiveCfg = Release|Any CPU
		{6001C890-00AA-4212-BC41-070D2A5F1EC2}.Release|Any CPU.Build.0 = Release|Any CPU
		{78419515-AA99-4A6F-ADE1-79B1249B37F1}.Debug|Any CPU.ActiveCfg = Debug|Any CPU
		{78419515-AA99-4A6F-ADE1-79B1249B37F1}.Debug|Any CPU.Build.0 = Debug|Any CPU
		{78419515-AA99-4A6F-ADE1-79B1249B37F1}.Release|Any CPU.ActiveCfg = Release|Any CPU
		{78419515-AA99-4A6F-ADE1-79B1249B37F1}.Release|Any CPU.Build.0 = Release|Any CPU
		{143EF234-DB01-41F0-9880-ABAA63DD13D2}.Debug|Any CPU.ActiveCfg = Debug|Any CPU
		{143EF234-DB01-41F0-9880-ABAA63DD13D2}.Debug|Any CPU.Build.0 = Debug|Any CPU
		{143EF234-DB01-41F0-9880-ABAA63DD13D2}.Release|Any CPU.ActiveCfg = Release|Any CPU
		{143EF234-DB01-41F0-9880-ABAA63DD13D2}.Release|Any CPU.Build.0 = Release|Any CPU
		{9DAE9223-9424-460F-A646-1FB8805BF425}.Debug|Any CPU.ActiveCfg = Debug|Any CPU
		{9DAE9223-9424-460F-A646-1FB8805BF425}.Debug|Any CPU.Build.0 = Debug|Any CPU
		{9DAE9223-9424-460F-A646-1FB8805BF425}.Release|Any CPU.ActiveCfg = Release|Any CPU
		{9DAE9223-9424-460F-A646-1FB8805BF425}.Release|Any CPU.Build.0 = Release|Any CPU
	EndGlobalSection
	GlobalSection(SolutionProperties) = preSolution
		HideSolutionNode = FALSE
	EndGlobalSection
	GlobalSection(ExtensibilityGlobals) = postSolution
		SolutionGuid = {BDB1EA0F-E66F-4C79-9C97-997048EE7731}
	EndGlobalSection
EndGlobal
