
Microsoft Visual Studio Solution File, Format Version 12.00
# Visual Studio 14
VisualStudioVersion = 14.0.23107.0
MinimumVisualStudioVersion = 10.0.40219.1
Project("{8BC9CEB8-8B4A-11D0-8D11-00A0C91BC942}") = "01-numbers-from-n", "01-numbers-from-n\01-numbers-from-n.vcxproj", "{C6AC63A9-26AE-4BFC-8C70-986F965A9217}"
EndProject
Project("{8BC9CEB8-8B4A-11D0-8D11-00A0C91BC942}") = "02.NotDivisibleBy", "02.NotDivisibleBy\02.NotDivisibleBy.vcxproj", "{7C3D72F8-702A-47AF-B976-8BA86EE3B007}"
EndProject
Project("{8BC9CEB8-8B4A-11D0-8D11-00A0C91BC942}") = "03.MinMaxSumAvg", "03.MinMaxSumAvg\03.MinMaxSumAvg.vcxproj", "{36279C7C-A1E8-44FB-8D18-32511DA254D5}"
EndProject
Project("{8BC9CEB8-8B4A-11D0-8D11-00A0C91BC942}") = "04.DeckOfCards", "04.DeckOfCards\04.DeckOfCards.vcxproj", "{F1F66BD1-F3B6-4842-8F62-8B6438F5ED83}"
EndProject
Project("{8BC9CEB8-8B4A-11D0-8D11-00A0C91BC942}") = "05.Calculate1", "5.Calculate1\5.Calculate1.vcxproj", "{C5BAA72D-5891-4990-B989-B7E3300E7840}"
EndProject
Project("{8BC9CEB8-8B4A-11D0-8D11-00A0C91BC942}") = "06.Calculate2", "06.Calculate2\06.Calculate2.vcxproj", "{F4F91593-15FC-4192-B242-DF740D123BA1}"
EndProject
Project("{8BC9CEB8-8B4A-11D0-8D11-00A0C91BC942}") = "07.Calculate3", "07.Calculate3\07.Calculate3.vcxproj", "{2BA3AEDA-1C0D-4077-9128-DDB203905C68}"
EndProject
Project("{8BC9CEB8-8B4A-11D0-8D11-00A0C91BC942}") = "08.CatalanNumbers", "08.CatalanNumbers\08.CatalanNumbers.vcxproj", "{17C6D155-858C-4FFA-830E-77B39E280E48}"
EndProject
Project("{8BC9CEB8-8B4A-11D0-8D11-00A0C91BC942}") = "09.MatrixOfNumbers", "09.MatrixOfNumbers\09.MatrixOfNumbers.vcxproj", "{9671EBEF-67CC-45FE-BF6D-F8D4D1CD54A1}"
EndProject
Project("{8BC9CEB8-8B4A-11D0-8D11-00A0C91BC942}") = "10.OddAndEvenProduct", "10.OddAndEvenProduct\10.OddAndEvenProduct.vcxproj", "{90EE79DD-5361-413A-AD06-E58172FC45DB}"
EndProject
Project("{8BC9CEB8-8B4A-11D0-8D11-00A0C91BC942}") = "11.RandomNumbesInRange", "11.RandomNumbesInRange\11.RandomNumbesInRange.vcxproj", "{FB4BE3DE-2D3E-4EAE-96A6-5641DAC4DB8D}"
EndProject
Project("{8BC9CEB8-8B4A-11D0-8D11-00A0C91BC942}") = "13.BinarytoDecimal", "12.BinarytoDecimal\12.BinarytoDecimal.vcxproj", "{801A5C5B-8020-4BE3-ADB2-5EE6EEEFB78A}"
EndProject
Project("{8BC9CEB8-8B4A-11D0-8D11-00A0C91BC942}") = "14.DecimalToBinary", "14.DecimalToBinary\14.DecimalToBinary.vcxproj", "{C058B5B6-08D3-43DC-B0C8-26C359755929}"
EndProject
Project("{8BC9CEB8-8B4A-11D0-8D11-00A0C91BC942}") = "15.HexToDecimal", "15.HexToDecimal\15.HexToDecimal.vcxproj", "{5A692C61-C4E8-474F-9200-5FC43AED0ED7}"
EndProject
Project("{8BC9CEB8-8B4A-11D0-8D11-00A0C91BC942}") = "16.DecimalToHexadecimal", "16.DecimalToHexadecimal\16.DecimalToHexadecimal.vcxproj", "{67DEC0A5-E9D4-4863-9F3E-C203D8DBBDD0}"
EndProject
Global
	GlobalSection(SolutionConfigurationPlatforms) = preSolution
		Debug|x64 = Debug|x64
		Debug|x86 = Debug|x86
		Release|x64 = Release|x64
		Release|x86 = Release|x86
	EndGlobalSection
	GlobalSection(ProjectConfigurationPlatforms) = postSolution
		{C6AC63A9-26AE-4BFC-8C70-986F965A9217}.Debug|x64.ActiveCfg = Debug|x64
		{C6AC63A9-26AE-4BFC-8C70-986F965A9217}.Debug|x64.Build.0 = Debug|x64
		{C6AC63A9-26AE-4BFC-8C70-986F965A9217}.Debug|x86.ActiveCfg = Debug|Win32
		{C6AC63A9-26AE-4BFC-8C70-986F965A9217}.Debug|x86.Build.0 = Debug|Win32
		{C6AC63A9-26AE-4BFC-8C70-986F965A9217}.Release|x64.ActiveCfg = Release|x64
		{C6AC63A9-26AE-4BFC-8C70-986F965A9217}.Release|x64.Build.0 = Release|x64
		{C6AC63A9-26AE-4BFC-8C70-986F965A9217}.Release|x86.ActiveCfg = Release|Win32
		{C6AC63A9-26AE-4BFC-8C70-986F965A9217}.Release|x86.Build.0 = Release|Win32
		{7C3D72F8-702A-47AF-B976-8BA86EE3B007}.Debug|x64.ActiveCfg = Debug|x64
		{7C3D72F8-702A-47AF-B976-8BA86EE3B007}.Debug|x64.Build.0 = Debug|x64
		{7C3D72F8-702A-47AF-B976-8BA86EE3B007}.Debug|x86.ActiveCfg = Debug|Win32
		{7C3D72F8-702A-47AF-B976-8BA86EE3B007}.Debug|x86.Build.0 = Debug|Win32
		{7C3D72F8-702A-47AF-B976-8BA86EE3B007}.Release|x64.ActiveCfg = Release|x64
		{7C3D72F8-702A-47AF-B976-8BA86EE3B007}.Release|x64.Build.0 = Release|x64
		{7C3D72F8-702A-47AF-B976-8BA86EE3B007}.Release|x86.ActiveCfg = Release|Win32
		{7C3D72F8-702A-47AF-B976-8BA86EE3B007}.Release|x86.Build.0 = Release|Win32
		{36279C7C-A1E8-44FB-8D18-32511DA254D5}.Debug|x64.ActiveCfg = Debug|x64
		{36279C7C-A1E8-44FB-8D18-32511DA254D5}.Debug|x64.Build.0 = Debug|x64
		{36279C7C-A1E8-44FB-8D18-32511DA254D5}.Debug|x86.ActiveCfg = Debug|Win32
		{36279C7C-A1E8-44FB-8D18-32511DA254D5}.Debug|x86.Build.0 = Debug|Win32
		{36279C7C-A1E8-44FB-8D18-32511DA254D5}.Release|x64.ActiveCfg = Release|x64
		{36279C7C-A1E8-44FB-8D18-32511DA254D5}.Release|x64.Build.0 = Release|x64
		{36279C7C-A1E8-44FB-8D18-32511DA254D5}.Release|x86.ActiveCfg = Release|Win32
		{36279C7C-A1E8-44FB-8D18-32511DA254D5}.Release|x86.Build.0 = Release|Win32
		{F1F66BD1-F3B6-4842-8F62-8B6438F5ED83}.Debug|x64.ActiveCfg = Debug|x64
		{F1F66BD1-F3B6-4842-8F62-8B6438F5ED83}.Debug|x64.Build.0 = Debug|x64
		{F1F66BD1-F3B6-4842-8F62-8B6438F5ED83}.Debug|x86.ActiveCfg = Debug|Win32
		{F1F66BD1-F3B6-4842-8F62-8B6438F5ED83}.Debug|x86.Build.0 = Debug|Win32
		{F1F66BD1-F3B6-4842-8F62-8B6438F5ED83}.Release|x64.ActiveCfg = Release|x64
		{F1F66BD1-F3B6-4842-8F62-8B6438F5ED83}.Release|x64.Build.0 = Release|x64
		{F1F66BD1-F3B6-4842-8F62-8B6438F5ED83}.Release|x86.ActiveCfg = Release|Win32
		{F1F66BD1-F3B6-4842-8F62-8B6438F5ED83}.Release|x86.Build.0 = Release|Win32
		{C5BAA72D-5891-4990-B989-B7E3300E7840}.Debug|x64.ActiveCfg = Debug|x64
		{C5BAA72D-5891-4990-B989-B7E3300E7840}.Debug|x64.Build.0 = Debug|x64
		{C5BAA72D-5891-4990-B989-B7E3300E7840}.Debug|x86.ActiveCfg = Debug|Win32
		{C5BAA72D-5891-4990-B989-B7E3300E7840}.Debug|x86.Build.0 = Debug|Win32
		{C5BAA72D-5891-4990-B989-B7E3300E7840}.Release|x64.ActiveCfg = Release|x64
		{C5BAA72D-5891-4990-B989-B7E3300E7840}.Release|x64.Build.0 = Release|x64
		{C5BAA72D-5891-4990-B989-B7E3300E7840}.Release|x86.ActiveCfg = Release|Win32
		{C5BAA72D-5891-4990-B989-B7E3300E7840}.Release|x86.Build.0 = Release|Win32
		{F4F91593-15FC-4192-B242-DF740D123BA1}.Debug|x64.ActiveCfg = Debug|x64
		{F4F91593-15FC-4192-B242-DF740D123BA1}.Debug|x64.Build.0 = Debug|x64
		{F4F91593-15FC-4192-B242-DF740D123BA1}.Debug|x86.ActiveCfg = Debug|Win32
		{F4F91593-15FC-4192-B242-DF740D123BA1}.Debug|x86.Build.0 = Debug|Win32
		{F4F91593-15FC-4192-B242-DF740D123BA1}.Release|x64.ActiveCfg = Release|x64
		{F4F91593-15FC-4192-B242-DF740D123BA1}.Release|x64.Build.0 = Release|x64
		{F4F91593-15FC-4192-B242-DF740D123BA1}.Release|x86.ActiveCfg = Release|Win32
		{F4F91593-15FC-4192-B242-DF740D123BA1}.Release|x86.Build.0 = Release|Win32
		{2BA3AEDA-1C0D-4077-9128-DDB203905C68}.Debug|x64.ActiveCfg = Debug|x64
		{2BA3AEDA-1C0D-4077-9128-DDB203905C68}.Debug|x64.Build.0 = Debug|x64
		{2BA3AEDA-1C0D-4077-9128-DDB203905C68}.Debug|x86.ActiveCfg = Debug|Win32
		{2BA3AEDA-1C0D-4077-9128-DDB203905C68}.Debug|x86.Build.0 = Debug|Win32
		{2BA3AEDA-1C0D-4077-9128-DDB203905C68}.Release|x64.ActiveCfg = Release|x64
		{2BA3AEDA-1C0D-4077-9128-DDB203905C68}.Release|x64.Build.0 = Release|x64
		{2BA3AEDA-1C0D-4077-9128-DDB203905C68}.Release|x86.ActiveCfg = Release|Win32
		{2BA3AEDA-1C0D-4077-9128-DDB203905C68}.Release|x86.Build.0 = Release|Win32
		{17C6D155-858C-4FFA-830E-77B39E280E48}.Debug|x64.ActiveCfg = Debug|x64
		{17C6D155-858C-4FFA-830E-77B39E280E48}.Debug|x64.Build.0 = Debug|x64
		{17C6D155-858C-4FFA-830E-77B39E280E48}.Debug|x86.ActiveCfg = Debug|Win32
		{17C6D155-858C-4FFA-830E-77B39E280E48}.Debug|x86.Build.0 = Debug|Win32
		{17C6D155-858C-4FFA-830E-77B39E280E48}.Release|x64.ActiveCfg = Release|x64
		{17C6D155-858C-4FFA-830E-77B39E280E48}.Release|x64.Build.0 = Release|x64
		{17C6D155-858C-4FFA-830E-77B39E280E48}.Release|x86.ActiveCfg = Release|Win32
		{17C6D155-858C-4FFA-830E-77B39E280E48}.Release|x86.Build.0 = Release|Win32
		{9671EBEF-67CC-45FE-BF6D-F8D4D1CD54A1}.Debug|x64.ActiveCfg = Debug|x64
		{9671EBEF-67CC-45FE-BF6D-F8D4D1CD54A1}.Debug|x64.Build.0 = Debug|x64
		{9671EBEF-67CC-45FE-BF6D-F8D4D1CD54A1}.Debug|x86.ActiveCfg = Debug|Win32
		{9671EBEF-67CC-45FE-BF6D-F8D4D1CD54A1}.Debug|x86.Build.0 = Debug|Win32
		{9671EBEF-67CC-45FE-BF6D-F8D4D1CD54A1}.Release|x64.ActiveCfg = Release|x64
		{9671EBEF-67CC-45FE-BF6D-F8D4D1CD54A1}.Release|x64.Build.0 = Release|x64
		{9671EBEF-67CC-45FE-BF6D-F8D4D1CD54A1}.Release|x86.ActiveCfg = Release|Win32
		{9671EBEF-67CC-45FE-BF6D-F8D4D1CD54A1}.Release|x86.Build.0 = Release|Win32
		{90EE79DD-5361-413A-AD06-E58172FC45DB}.Debug|x64.ActiveCfg = Debug|x64
		{90EE79DD-5361-413A-AD06-E58172FC45DB}.Debug|x64.Build.0 = Debug|x64
		{90EE79DD-5361-413A-AD06-E58172FC45DB}.Debug|x86.ActiveCfg = Debug|Win32
		{90EE79DD-5361-413A-AD06-E58172FC45DB}.Debug|x86.Build.0 = Debug|Win32
		{90EE79DD-5361-413A-AD06-E58172FC45DB}.Release|x64.ActiveCfg = Release|x64
		{90EE79DD-5361-413A-AD06-E58172FC45DB}.Release|x64.Build.0 = Release|x64
		{90EE79DD-5361-413A-AD06-E58172FC45DB}.Release|x86.ActiveCfg = Release|Win32
		{90EE79DD-5361-413A-AD06-E58172FC45DB}.Release|x86.Build.0 = Release|Win32
		{FB4BE3DE-2D3E-4EAE-96A6-5641DAC4DB8D}.Debug|x64.ActiveCfg = Debug|x64
		{FB4BE3DE-2D3E-4EAE-96A6-5641DAC4DB8D}.Debug|x64.Build.0 = Debug|x64
		{FB4BE3DE-2D3E-4EAE-96A6-5641DAC4DB8D}.Debug|x86.ActiveCfg = Debug|Win32
		{FB4BE3DE-2D3E-4EAE-96A6-5641DAC4DB8D}.Debug|x86.Build.0 = Debug|Win32
		{FB4BE3DE-2D3E-4EAE-96A6-5641DAC4DB8D}.Release|x64.ActiveCfg = Release|x64
		{FB4BE3DE-2D3E-4EAE-96A6-5641DAC4DB8D}.Release|x64.Build.0 = Release|x64
		{FB4BE3DE-2D3E-4EAE-96A6-5641DAC4DB8D}.Release|x86.ActiveCfg = Release|Win32
		{FB4BE3DE-2D3E-4EAE-96A6-5641DAC4DB8D}.Release|x86.Build.0 = Release|Win32
		{801A5C5B-8020-4BE3-ADB2-5EE6EEEFB78A}.Debug|x64.ActiveCfg = Debug|x64
		{801A5C5B-8020-4BE3-ADB2-5EE6EEEFB78A}.Debug|x64.Build.0 = Debug|x64
		{801A5C5B-8020-4BE3-ADB2-5EE6EEEFB78A}.Debug|x86.ActiveCfg = Debug|Win32
		{801A5C5B-8020-4BE3-ADB2-5EE6EEEFB78A}.Debug|x86.Build.0 = Debug|Win32
		{801A5C5B-8020-4BE3-ADB2-5EE6EEEFB78A}.Release|x64.ActiveCfg = Release|x64
		{801A5C5B-8020-4BE3-ADB2-5EE6EEEFB78A}.Release|x64.Build.0 = Release|x64
		{801A5C5B-8020-4BE3-ADB2-5EE6EEEFB78A}.Release|x86.ActiveCfg = Release|Win32
		{801A5C5B-8020-4BE3-ADB2-5EE6EEEFB78A}.Release|x86.Build.0 = Release|Win32
		{C058B5B6-08D3-43DC-B0C8-26C359755929}.Debug|x64.ActiveCfg = Debug|x64
		{C058B5B6-08D3-43DC-B0C8-26C359755929}.Debug|x64.Build.0 = Debug|x64
		{C058B5B6-08D3-43DC-B0C8-26C359755929}.Debug|x86.ActiveCfg = Debug|Win32
		{C058B5B6-08D3-43DC-B0C8-26C359755929}.Debug|x86.Build.0 = Debug|Win32
		{C058B5B6-08D3-43DC-B0C8-26C359755929}.Release|x64.ActiveCfg = Release|x64
		{C058B5B6-08D3-43DC-B0C8-26C359755929}.Release|x64.Build.0 = Release|x64
		{C058B5B6-08D3-43DC-B0C8-26C359755929}.Release|x86.ActiveCfg = Release|Win32
		{C058B5B6-08D3-43DC-B0C8-26C359755929}.Release|x86.Build.0 = Release|Win32
		{5A692C61-C4E8-474F-9200-5FC43AED0ED7}.Debug|x64.ActiveCfg = Debug|x64
		{5A692C61-C4E8-474F-9200-5FC43AED0ED7}.Debug|x64.Build.0 = Debug|x64
		{5A692C61-C4E8-474F-9200-5FC43AED0ED7}.Debug|x86.ActiveCfg = Debug|Win32
		{5A692C61-C4E8-474F-9200-5FC43AED0ED7}.Debug|x86.Build.0 = Debug|Win32
		{5A692C61-C4E8-474F-9200-5FC43AED0ED7}.Release|x64.ActiveCfg = Release|x64
		{5A692C61-C4E8-474F-9200-5FC43AED0ED7}.Release|x64.Build.0 = Release|x64
		{5A692C61-C4E8-474F-9200-5FC43AED0ED7}.Release|x86.ActiveCfg = Release|Win32
		{5A692C61-C4E8-474F-9200-5FC43AED0ED7}.Release|x86.Build.0 = Release|Win32
		{67DEC0A5-E9D4-4863-9F3E-C203D8DBBDD0}.Debug|x64.ActiveCfg = Debug|x64
		{67DEC0A5-E9D4-4863-9F3E-C203D8DBBDD0}.Debug|x64.Build.0 = Debug|x64
		{67DEC0A5-E9D4-4863-9F3E-C203D8DBBDD0}.Debug|x86.ActiveCfg = Debug|Win32
		{67DEC0A5-E9D4-4863-9F3E-C203D8DBBDD0}.Debug|x86.Build.0 = Debug|Win32
		{67DEC0A5-E9D4-4863-9F3E-C203D8DBBDD0}.Release|x64.ActiveCfg = Release|x64
		{67DEC0A5-E9D4-4863-9F3E-C203D8DBBDD0}.Release|x64.Build.0 = Release|x64
		{67DEC0A5-E9D4-4863-9F3E-C203D8DBBDD0}.Release|x86.ActiveCfg = Release|Win32
		{67DEC0A5-E9D4-4863-9F3E-C203D8DBBDD0}.Release|x86.Build.0 = Release|Win32
	EndGlobalSection
	GlobalSection(SolutionProperties) = preSolution
		HideSolutionNode = FALSE
	EndGlobalSection
EndGlobal
