
Microsoft Visual Studio Solution File, Format Version 12.00
# Visual Studio 14
VisualStudioVersion = 14.0.24720.0
MinimumVisualStudioVersion = 10.0.40219.1
Project("{FAE04EC0-301F-11D3-BF4B-00C04F79EFBC}") = "01.SumAndAverage", "01.SumAndAverage\01.SumAndAverage.csproj", "{DDB10E62-A339-4887-A400-408E9AE6414C}"
EndProject
Project("{FAE04EC0-301F-11D3-BF4B-00C04F79EFBC}") = "02.SortWords", "02.SortWords\02.SortWords.csproj", "{E05EF4F6-0CFA-4D80-9261-B876AA68BC9A}"
EndProject
Project("{FAE04EC0-301F-11D3-BF4B-00C04F79EFBC}") = "03.LongestSubsequence", "03.LongestSubsequence\03.LongestSubsequence.csproj", "{FB2BD2E1-2A63-4DEA-AE06-632E65C17449}"
EndProject
Project("{FAE04EC0-301F-11D3-BF4B-00C04F79EFBC}") = "03.LongestSubsequenceTests", "03.LongestSubsequenceTests\03.LongestSubsequenceTests.csproj", "{35358962-B66E-4978-AC32-7AE1E9037828}"
EndProject
Project("{2150E333-8FDC-42A3-9474-1A3956D46DE8}") = "Solution Items", "Solution Items", "{235474E9-EE57-4A79-B7B8-A25752D721AD}"
	ProjectSection(SolutionItems) = preProject
		TestSettings1.testsettings = TestSettings1.testsettings
	EndProjectSection
EndProject
Project("{FAE04EC0-301F-11D3-BF4B-00C04F79EFBC}") = "04.RemoveOddOccurences", "04.RemoveOddOccurences\04.RemoveOddOccurences.csproj", "{599D40F0-68DC-4758-9732-C057EC4067E3}"
EndProject
Project("{FAE04EC0-301F-11D3-BF4B-00C04F79EFBC}") = "05.CountOfOccurrences", "05.CountOfOccurrences\05.CountOfOccurrences.csproj", "{B9A6E0C8-ED0A-4070-B9BF-8AE1FA842F48}"
EndProject
Project("{FAE04EC0-301F-11D3-BF4B-00C04F79EFBC}") = "06.ReversedList", "06.ReversedList\06.ReversedList.csproj", "{0585E682-2043-4C26-8407-DC4F326EA65D}"
EndProject
Project("{FAE04EC0-301F-11D3-BF4B-00C04F79EFBC}") = "07.LinkedList", "07.LinkedList\07.LinkedList.csproj", "{C8D9467F-EC49-42D0-9B33-24C44A77C38F}"
EndProject
Global
	GlobalSection(SolutionConfigurationPlatforms) = preSolution
		Debug|Any CPU = Debug|Any CPU
		Release|Any CPU = Release|Any CPU
	EndGlobalSection
	GlobalSection(ProjectConfigurationPlatforms) = postSolution
		{DDB10E62-A339-4887-A400-408E9AE6414C}.Debug|Any CPU.ActiveCfg = Debug|Any CPU
		{DDB10E62-A339-4887-A400-408E9AE6414C}.Debug|Any CPU.Build.0 = Debug|Any CPU
		{DDB10E62-A339-4887-A400-408E9AE6414C}.Release|Any CPU.ActiveCfg = Release|Any CPU
		{DDB10E62-A339-4887-A400-408E9AE6414C}.Release|Any CPU.Build.0 = Release|Any CPU
		{E05EF4F6-0CFA-4D80-9261-B876AA68BC9A}.Debug|Any CPU.ActiveCfg = Debug|Any CPU
		{E05EF4F6-0CFA-4D80-9261-B876AA68BC9A}.Debug|Any CPU.Build.0 = Debug|Any CPU
		{E05EF4F6-0CFA-4D80-9261-B876AA68BC9A}.Release|Any CPU.ActiveCfg = Release|Any CPU
		{E05EF4F6-0CFA-4D80-9261-B876AA68BC9A}.Release|Any CPU.Build.0 = Release|Any CPU
		{FB2BD2E1-2A63-4DEA-AE06-632E65C17449}.Debug|Any CPU.ActiveCfg = Debug|Any CPU
		{FB2BD2E1-2A63-4DEA-AE06-632E65C17449}.Debug|Any CPU.Build.0 = Debug|Any CPU
		{FB2BD2E1-2A63-4DEA-AE06-632E65C17449}.Release|Any CPU.ActiveCfg = Release|Any CPU
		{FB2BD2E1-2A63-4DEA-AE06-632E65C17449}.Release|Any CPU.Build.0 = Release|Any CPU
		{35358962-B66E-4978-AC32-7AE1E9037828}.Debug|Any CPU.ActiveCfg = Debug|Any CPU
		{35358962-B66E-4978-AC32-7AE1E9037828}.Debug|Any CPU.Build.0 = Debug|Any CPU
		{35358962-B66E-4978-AC32-7AE1E9037828}.Release|Any CPU.ActiveCfg = Release|Any CPU
		{35358962-B66E-4978-AC32-7AE1E9037828}.Release|Any CPU.Build.0 = Release|Any CPU
		{599D40F0-68DC-4758-9732-C057EC4067E3}.Debug|Any CPU.ActiveCfg = Debug|Any CPU
		{599D40F0-68DC-4758-9732-C057EC4067E3}.Debug|Any CPU.Build.0 = Debug|Any CPU
		{599D40F0-68DC-4758-9732-C057EC4067E3}.Release|Any CPU.ActiveCfg = Release|Any CPU
		{599D40F0-68DC-4758-9732-C057EC4067E3}.Release|Any CPU.Build.0 = Release|Any CPU
		{B9A6E0C8-ED0A-4070-B9BF-8AE1FA842F48}.Debug|Any CPU.ActiveCfg = Debug|Any CPU
		{B9A6E0C8-ED0A-4070-B9BF-8AE1FA842F48}.Debug|Any CPU.Build.0 = Debug|Any CPU
		{B9A6E0C8-ED0A-4070-B9BF-8AE1FA842F48}.Release|Any CPU.ActiveCfg = Release|Any CPU
		{B9A6E0C8-ED0A-4070-B9BF-8AE1FA842F48}.Release|Any CPU.Build.0 = Release|Any CPU
		{0585E682-2043-4C26-8407-DC4F326EA65D}.Debug|Any CPU.ActiveCfg = Debug|Any CPU
		{0585E682-2043-4C26-8407-DC4F326EA65D}.Debug|Any CPU.Build.0 = Debug|Any CPU
		{0585E682-2043-4C26-8407-DC4F326EA65D}.Release|Any CPU.ActiveCfg = Release|Any CPU
		{0585E682-2043-4C26-8407-DC4F326EA65D}.Release|Any CPU.Build.0 = Release|Any CPU
		{C8D9467F-EC49-42D0-9B33-24C44A77C38F}.Debug|Any CPU.ActiveCfg = Debug|Any CPU
		{C8D9467F-EC49-42D0-9B33-24C44A77C38F}.Debug|Any CPU.Build.0 = Debug|Any CPU
		{C8D9467F-EC49-42D0-9B33-24C44A77C38F}.Release|Any CPU.ActiveCfg = Release|Any CPU
		{C8D9467F-EC49-42D0-9B33-24C44A77C38F}.Release|Any CPU.Build.0 = Release|Any CPU
	EndGlobalSection
	GlobalSection(SolutionProperties) = preSolution
		HideSolutionNode = FALSE
	EndGlobalSection
EndGlobal
