
Microsoft Visual Studio Solution File, Format Version 12.00
# Visual Studio 14
VisualStudioVersion = 14.0.23107.0
MinimumVisualStudioVersion = 10.0.40219.1
Project("{FAE04EC0-301F-11D3-BF4B-00C04F79EFBC}") = "1.GalacticGPS", "1.GalacticGPS\1.GalacticGPS.csproj", "{380176FA-9A83-459D-A08B-C672320AAA2F}"
EndProject
Project("{FAE04EC0-301F-11D3-BF4B-00C04F79EFBC}") = "2.FractionCalculator", "2.FractionCalculator\2.FractionCalculator.csproj", "{513F9590-7248-4693-8602-4F1C1F6FC2DD}"
EndProject
Project("{FAE04EC0-301F-11D3-BF4B-00C04F79EFBC}") = "3.GenericList", "3.GenericList\3.GenericList.csproj", "{6C55A66F-FC6A-4151-8C58-F108FFF7527B}"
EndProject
Project("{FAE04EC0-301F-11D3-BF4B-00C04F79EFBC}") = "4.GenericListVersion", "4.GenericListVersion\4.GenericListVersion.csproj", "{261C8121-ED86-4D5C-83DC-19262143220B}"
EndProject
Global
	GlobalSection(SolutionConfigurationPlatforms) = preSolution
		Debug|Any CPU = Debug|Any CPU
		Release|Any CPU = Release|Any CPU
	EndGlobalSection
	GlobalSection(ProjectConfigurationPlatforms) = postSolution
		{380176FA-9A83-459D-A08B-C672320AAA2F}.Debug|Any CPU.ActiveCfg = Debug|Any CPU
		{380176FA-9A83-459D-A08B-C672320AAA2F}.Debug|Any CPU.Build.0 = Debug|Any CPU
		{380176FA-9A83-459D-A08B-C672320AAA2F}.Release|Any CPU.ActiveCfg = Release|Any CPU
		{380176FA-9A83-459D-A08B-C672320AAA2F}.Release|Any CPU.Build.0 = Release|Any CPU
		{513F9590-7248-4693-8602-4F1C1F6FC2DD}.Debug|Any CPU.ActiveCfg = Debug|Any CPU
		{513F9590-7248-4693-8602-4F1C1F6FC2DD}.Debug|Any CPU.Build.0 = Debug|Any CPU
		{513F9590-7248-4693-8602-4F1C1F6FC2DD}.Release|Any CPU.ActiveCfg = Release|Any CPU
		{513F9590-7248-4693-8602-4F1C1F6FC2DD}.Release|Any CPU.Build.0 = Release|Any CPU
		{6C55A66F-FC6A-4151-8C58-F108FFF7527B}.Debug|Any CPU.ActiveCfg = Debug|Any CPU
		{6C55A66F-FC6A-4151-8C58-F108FFF7527B}.Debug|Any CPU.Build.0 = Debug|Any CPU
		{6C55A66F-FC6A-4151-8C58-F108FFF7527B}.Release|Any CPU.ActiveCfg = Release|Any CPU
		{6C55A66F-FC6A-4151-8C58-F108FFF7527B}.Release|Any CPU.Build.0 = Release|Any CPU
		{261C8121-ED86-4D5C-83DC-19262143220B}.Debug|Any CPU.ActiveCfg = Debug|Any CPU
		{261C8121-ED86-4D5C-83DC-19262143220B}.Debug|Any CPU.Build.0 = Debug|Any CPU
		{261C8121-ED86-4D5C-83DC-19262143220B}.Release|Any CPU.ActiveCfg = Release|Any CPU
		{261C8121-ED86-4D5C-83DC-19262143220B}.Release|Any CPU.Build.0 = Release|Any CPU
	EndGlobalSection
	GlobalSection(SolutionProperties) = preSolution
		HideSolutionNode = FALSE
	EndGlobalSection
EndGlobal
