
Microsoft Visual Studio Solution File, Format Version 12.00
# Visual Studio 14
VisualStudioVersion = 14.0.23107.0
MinimumVisualStudioVersion = 10.0.40219.1
Project("{8BC9CEB8-8B4A-11D0-8D11-00A0C91BC942}") = "01.OddOrEven", "01.OddOrEven\01.OddOrEven.vcxproj", "{C6AC63A9-26AE-4BFC-8C70-986F965A9217}"
EndProject
Project("{8BC9CEB8-8B4A-11D0-8D11-00A0C91BC942}") = "02.BigAndOdd", "02.BigAndOdd\02.BigAndOdd.vcxproj", "{A3206C29-C0AB-4709-B621-A41EAD28B892}"
EndProject
Project("{8BC9CEB8-8B4A-11D0-8D11-00A0C91BC942}") = "03.PUreDivisor", "03.PUreDivisor\03.PUreDivisor.vcxproj", "{831922E3-10FC-4293-98D7-52E06C0F1440}"
EndProject
Project("{8BC9CEB8-8B4A-11D0-8D11-00A0C91BC942}") = "04.GravitationOnTheMoon", "04.GravitationOnTheMoon\04.GravitationOnTheMoon.vcxproj", "{D91032F1-9354-45DF-8863-C651C0AE06BF}"
EndProject
Project("{8BC9CEB8-8B4A-11D0-8D11-00A0C91BC942}") = "05.DivideBy5And7", "05.DivideBy5And7\05.DivideBy5And7.vcxproj", "{CFFED400-5518-480D-861B-EB75A714155D}"
EndProject
Project("{8BC9CEB8-8B4A-11D0-8D11-00A0C91BC942}") = "06.Rectangles", "06.Rectangles\06.Rectangles.vcxproj", "{47890E41-FF91-42CA-BFF6-04B1461A2D9D}"
EndProject
Project("{8BC9CEB8-8B4A-11D0-8D11-00A0C91BC942}") = "07.AverageSum", "07.AverageSum\07.AverageSum.vcxproj", "{55534FB0-EED3-44FB-9B67-EB6E60CA9010}"
EndProject
Project("{8BC9CEB8-8B4A-11D0-8D11-00A0C91BC942}") = "08.ThirdDigitIs7", "08.ThirdDigitIs7\08.ThirdDigitIs7.vcxproj", "{E6000FE0-9B15-476C-9CFD-4CBA0F30C68A}"
EndProject
Project("{8BC9CEB8-8B4A-11D0-8D11-00A0C91BC942}") = "09.FourDigitNumber", "09.FourDigitNumber\09.FourDigitNumber.vcxproj", "{167F7BEA-F89D-4D06-9A2A-A3A5C43C5441}"
EndProject
Project("{8BC9CEB8-8B4A-11D0-8D11-00A0C91BC942}") = "10.NthDigit", "10.NthDigit\10.NthDigit.vcxproj", "{9172B785-ED2D-46D0-A8F0-67FA6E923125}"
EndProject
Project("{8BC9CEB8-8B4A-11D0-8D11-00A0C91BC942}") = "11.PointInCircle", "11.PointInCircle\11.PointInCircle.vcxproj", "{F4071407-37C5-4908-A17E-EE3A0CA6A944}"
EndProject
Project("{8BC9CEB8-8B4A-11D0-8D11-00A0C91BC942}") = "12.PrimeNumberCheck", "12.PrimeNumberCheck\12.PrimeNumberCheck.vcxproj", "{D992BD1D-D6DC-41B5-90C8-D453D4CF92E5}"
EndProject
Project("{8BC9CEB8-8B4A-11D0-8D11-00A0C91BC942}") = "13.Trapezoids", "13.Trapezoids\13.Trapezoids.vcxproj", "{F53BE659-DADE-48BA-AA17-1BE0EDAD12D6}"
EndProject
Project("{8BC9CEB8-8B4A-11D0-8D11-00A0C91BC942}") = "14.PointCircleRectangle", "14.PointCircleRectangle\14.PointCircleRectangle.vcxproj", "{A1E076F5-F5FE-4CCB-87E1-7A2C2B905D2C}"
EndProject
Global
	GlobalSection(SolutionConfigurationPlatforms) = preSolution
		Debug|x64 = Debug|x64
		Debug|x86 = Debug|x86
		Release|x64 = Release|x64
		Release|x86 = Release|x86
	EndGlobalSection
	GlobalSection(ProjectConfigurationPlatforms) = postSolution
		{C6AC63A9-26AE-4BFC-8C70-986F965A9217}.Debug|x64.ActiveCfg = Debug|x64
		{C6AC63A9-26AE-4BFC-8C70-986F965A9217}.Debug|x64.Build.0 = Debug|x64
		{C6AC63A9-26AE-4BFC-8C70-986F965A9217}.Debug|x86.ActiveCfg = Debug|Win32
		{C6AC63A9-26AE-4BFC-8C70-986F965A9217}.Debug|x86.Build.0 = Debug|Win32
		{C6AC63A9-26AE-4BFC-8C70-986F965A9217}.Release|x64.ActiveCfg = Release|x64
		{C6AC63A9-26AE-4BFC-8C70-986F965A9217}.Release|x64.Build.0 = Release|x64
		{C6AC63A9-26AE-4BFC-8C70-986F965A9217}.Release|x86.ActiveCfg = Release|Win32
		{C6AC63A9-26AE-4BFC-8C70-986F965A9217}.Release|x86.Build.0 = Release|Win32
		{A3206C29-C0AB-4709-B621-A41EAD28B892}.Debug|x64.ActiveCfg = Debug|x64
		{A3206C29-C0AB-4709-B621-A41EAD28B892}.Debug|x64.Build.0 = Debug|x64
		{A3206C29-C0AB-4709-B621-A41EAD28B892}.Debug|x86.ActiveCfg = Debug|Win32
		{A3206C29-C0AB-4709-B621-A41EAD28B892}.Debug|x86.Build.0 = Debug|Win32
		{A3206C29-C0AB-4709-B621-A41EAD28B892}.Release|x64.ActiveCfg = Release|x64
		{A3206C29-C0AB-4709-B621-A41EAD28B892}.Release|x64.Build.0 = Release|x64
		{A3206C29-C0AB-4709-B621-A41EAD28B892}.Release|x86.ActiveCfg = Release|Win32
		{A3206C29-C0AB-4709-B621-A41EAD28B892}.Release|x86.Build.0 = Release|Win32
		{831922E3-10FC-4293-98D7-52E06C0F1440}.Debug|x64.ActiveCfg = Debug|x64
		{831922E3-10FC-4293-98D7-52E06C0F1440}.Debug|x64.Build.0 = Debug|x64
		{831922E3-10FC-4293-98D7-52E06C0F1440}.Debug|x86.ActiveCfg = Debug|Win32
		{831922E3-10FC-4293-98D7-52E06C0F1440}.Debug|x86.Build.0 = Debug|Win32
		{831922E3-10FC-4293-98D7-52E06C0F1440}.Release|x64.ActiveCfg = Release|x64
		{831922E3-10FC-4293-98D7-52E06C0F1440}.Release|x64.Build.0 = Release|x64
		{831922E3-10FC-4293-98D7-52E06C0F1440}.Release|x86.ActiveCfg = Release|Win32
		{831922E3-10FC-4293-98D7-52E06C0F1440}.Release|x86.Build.0 = Release|Win32
		{D91032F1-9354-45DF-8863-C651C0AE06BF}.Debug|x64.ActiveCfg = Debug|x64
		{D91032F1-9354-45DF-8863-C651C0AE06BF}.Debug|x64.Build.0 = Debug|x64
		{D91032F1-9354-45DF-8863-C651C0AE06BF}.Debug|x86.ActiveCfg = Debug|Win32
		{D91032F1-9354-45DF-8863-C651C0AE06BF}.Debug|x86.Build.0 = Debug|Win32
		{D91032F1-9354-45DF-8863-C651C0AE06BF}.Release|x64.ActiveCfg = Release|x64
		{D91032F1-9354-45DF-8863-C651C0AE06BF}.Release|x64.Build.0 = Release|x64
		{D91032F1-9354-45DF-8863-C651C0AE06BF}.Release|x86.ActiveCfg = Release|Win32
		{D91032F1-9354-45DF-8863-C651C0AE06BF}.Release|x86.Build.0 = Release|Win32
		{CFFED400-5518-480D-861B-EB75A714155D}.Debug|x64.ActiveCfg = Debug|x64
		{CFFED400-5518-480D-861B-EB75A714155D}.Debug|x64.Build.0 = Debug|x64
		{CFFED400-5518-480D-861B-EB75A714155D}.Debug|x86.ActiveCfg = Debug|Win32
		{CFFED400-5518-480D-861B-EB75A714155D}.Debug|x86.Build.0 = Debug|Win32
		{CFFED400-5518-480D-861B-EB75A714155D}.Release|x64.ActiveCfg = Release|x64
		{CFFED400-5518-480D-861B-EB75A714155D}.Release|x64.Build.0 = Release|x64
		{CFFED400-5518-480D-861B-EB75A714155D}.Release|x86.ActiveCfg = Release|Win32
		{CFFED400-5518-480D-861B-EB75A714155D}.Release|x86.Build.0 = Release|Win32
		{47890E41-FF91-42CA-BFF6-04B1461A2D9D}.Debug|x64.ActiveCfg = Debug|x64
		{47890E41-FF91-42CA-BFF6-04B1461A2D9D}.Debug|x64.Build.0 = Debug|x64
		{47890E41-FF91-42CA-BFF6-04B1461A2D9D}.Debug|x86.ActiveCfg = Debug|Win32
		{47890E41-FF91-42CA-BFF6-04B1461A2D9D}.Debug|x86.Build.0 = Debug|Win32
		{47890E41-FF91-42CA-BFF6-04B1461A2D9D}.Release|x64.ActiveCfg = Release|x64
		{47890E41-FF91-42CA-BFF6-04B1461A2D9D}.Release|x64.Build.0 = Release|x64
		{47890E41-FF91-42CA-BFF6-04B1461A2D9D}.Release|x86.ActiveCfg = Release|Win32
		{47890E41-FF91-42CA-BFF6-04B1461A2D9D}.Release|x86.Build.0 = Release|Win32
		{55534FB0-EED3-44FB-9B67-EB6E60CA9010}.Debug|x64.ActiveCfg = Debug|x64
		{55534FB0-EED3-44FB-9B67-EB6E60CA9010}.Debug|x64.Build.0 = Debug|x64
		{55534FB0-EED3-44FB-9B67-EB6E60CA9010}.Debug|x86.ActiveCfg = Debug|Win32
		{55534FB0-EED3-44FB-9B67-EB6E60CA9010}.Debug|x86.Build.0 = Debug|Win32
		{55534FB0-EED3-44FB-9B67-EB6E60CA9010}.Release|x64.ActiveCfg = Release|x64
		{55534FB0-EED3-44FB-9B67-EB6E60CA9010}.Release|x64.Build.0 = Release|x64
		{55534FB0-EED3-44FB-9B67-EB6E60CA9010}.Release|x86.ActiveCfg = Release|Win32
		{55534FB0-EED3-44FB-9B67-EB6E60CA9010}.Release|x86.Build.0 = Release|Win32
		{E6000FE0-9B15-476C-9CFD-4CBA0F30C68A}.Debug|x64.ActiveCfg = Debug|x64
		{E6000FE0-9B15-476C-9CFD-4CBA0F30C68A}.Debug|x64.Build.0 = Debug|x64
		{E6000FE0-9B15-476C-9CFD-4CBA0F30C68A}.Debug|x86.ActiveCfg = Debug|Win32
		{E6000FE0-9B15-476C-9CFD-4CBA0F30C68A}.Debug|x86.Build.0 = Debug|Win32
		{E6000FE0-9B15-476C-9CFD-4CBA0F30C68A}.Release|x64.ActiveCfg = Release|x64
		{E6000FE0-9B15-476C-9CFD-4CBA0F30C68A}.Release|x64.Build.0 = Release|x64
		{E6000FE0-9B15-476C-9CFD-4CBA0F30C68A}.Release|x86.ActiveCfg = Release|Win32
		{E6000FE0-9B15-476C-9CFD-4CBA0F30C68A}.Release|x86.Build.0 = Release|Win32
		{167F7BEA-F89D-4D06-9A2A-A3A5C43C5441}.Debug|x64.ActiveCfg = Debug|x64
		{167F7BEA-F89D-4D06-9A2A-A3A5C43C5441}.Debug|x64.Build.0 = Debug|x64
		{167F7BEA-F89D-4D06-9A2A-A3A5C43C5441}.Debug|x86.ActiveCfg = Debug|Win32
		{167F7BEA-F89D-4D06-9A2A-A3A5C43C5441}.Debug|x86.Build.0 = Debug|Win32
		{167F7BEA-F89D-4D06-9A2A-A3A5C43C5441}.Release|x64.ActiveCfg = Release|x64
		{167F7BEA-F89D-4D06-9A2A-A3A5C43C5441}.Release|x64.Build.0 = Release|x64
		{167F7BEA-F89D-4D06-9A2A-A3A5C43C5441}.Release|x86.ActiveCfg = Release|Win32
		{167F7BEA-F89D-4D06-9A2A-A3A5C43C5441}.Release|x86.Build.0 = Release|Win32
		{9172B785-ED2D-46D0-A8F0-67FA6E923125}.Debug|x64.ActiveCfg = Debug|x64
		{9172B785-ED2D-46D0-A8F0-67FA6E923125}.Debug|x64.Build.0 = Debug|x64
		{9172B785-ED2D-46D0-A8F0-67FA6E923125}.Debug|x86.ActiveCfg = Debug|Win32
		{9172B785-ED2D-46D0-A8F0-67FA6E923125}.Debug|x86.Build.0 = Debug|Win32
		{9172B785-ED2D-46D0-A8F0-67FA6E923125}.Release|x64.ActiveCfg = Release|x64
		{9172B785-ED2D-46D0-A8F0-67FA6E923125}.Release|x64.Build.0 = Release|x64
		{9172B785-ED2D-46D0-A8F0-67FA6E923125}.Release|x86.ActiveCfg = Release|Win32
		{9172B785-ED2D-46D0-A8F0-67FA6E923125}.Release|x86.Build.0 = Release|Win32
		{F4071407-37C5-4908-A17E-EE3A0CA6A944}.Debug|x64.ActiveCfg = Debug|x64
		{F4071407-37C5-4908-A17E-EE3A0CA6A944}.Debug|x64.Build.0 = Debug|x64
		{F4071407-37C5-4908-A17E-EE3A0CA6A944}.Debug|x86.ActiveCfg = Debug|Win32
		{F4071407-37C5-4908-A17E-EE3A0CA6A944}.Debug|x86.Build.0 = Debug|Win32
		{F4071407-37C5-4908-A17E-EE3A0CA6A944}.Release|x64.ActiveCfg = Release|x64
		{F4071407-37C5-4908-A17E-EE3A0CA6A944}.Release|x64.Build.0 = Release|x64
		{F4071407-37C5-4908-A17E-EE3A0CA6A944}.Release|x86.ActiveCfg = Release|Win32
		{F4071407-37C5-4908-A17E-EE3A0CA6A944}.Release|x86.Build.0 = Release|Win32
		{D992BD1D-D6DC-41B5-90C8-D453D4CF92E5}.Debug|x64.ActiveCfg = Debug|x64
		{D992BD1D-D6DC-41B5-90C8-D453D4CF92E5}.Debug|x64.Build.0 = Debug|x64
		{D992BD1D-D6DC-41B5-90C8-D453D4CF92E5}.Debug|x86.ActiveCfg = Debug|Win32
		{D992BD1D-D6DC-41B5-90C8-D453D4CF92E5}.Debug|x86.Build.0 = Debug|Win32
		{D992BD1D-D6DC-41B5-90C8-D453D4CF92E5}.Release|x64.ActiveCfg = Release|x64
		{D992BD1D-D6DC-41B5-90C8-D453D4CF92E5}.Release|x64.Build.0 = Release|x64
		{D992BD1D-D6DC-41B5-90C8-D453D4CF92E5}.Release|x86.ActiveCfg = Release|Win32
		{D992BD1D-D6DC-41B5-90C8-D453D4CF92E5}.Release|x86.Build.0 = Release|Win32
		{F53BE659-DADE-48BA-AA17-1BE0EDAD12D6}.Debug|x64.ActiveCfg = Debug|x64
		{F53BE659-DADE-48BA-AA17-1BE0EDAD12D6}.Debug|x64.Build.0 = Debug|x64
		{F53BE659-DADE-48BA-AA17-1BE0EDAD12D6}.Debug|x86.ActiveCfg = Debug|Win32
		{F53BE659-DADE-48BA-AA17-1BE0EDAD12D6}.Debug|x86.Build.0 = Debug|Win32
		{F53BE659-DADE-48BA-AA17-1BE0EDAD12D6}.Release|x64.ActiveCfg = Release|x64
		{F53BE659-DADE-48BA-AA17-1BE0EDAD12D6}.Release|x64.Build.0 = Release|x64
		{F53BE659-DADE-48BA-AA17-1BE0EDAD12D6}.Release|x86.ActiveCfg = Release|Win32
		{F53BE659-DADE-48BA-AA17-1BE0EDAD12D6}.Release|x86.Build.0 = Release|Win32
		{A1E076F5-F5FE-4CCB-87E1-7A2C2B905D2C}.Debug|x64.ActiveCfg = Debug|x64
		{A1E076F5-F5FE-4CCB-87E1-7A2C2B905D2C}.Debug|x64.Build.0 = Debug|x64
		{A1E076F5-F5FE-4CCB-87E1-7A2C2B905D2C}.Debug|x86.ActiveCfg = Debug|Win32
		{A1E076F5-F5FE-4CCB-87E1-7A2C2B905D2C}.Debug|x86.Build.0 = Debug|Win32
		{A1E076F5-F5FE-4CCB-87E1-7A2C2B905D2C}.Release|x64.ActiveCfg = Release|x64
		{A1E076F5-F5FE-4CCB-87E1-7A2C2B905D2C}.Release|x64.Build.0 = Release|x64
		{A1E076F5-F5FE-4CCB-87E1-7A2C2B905D2C}.Release|x86.ActiveCfg = Release|Win32
		{A1E076F5-F5FE-4CCB-87E1-7A2C2B905D2C}.Release|x86.Build.0 = Release|Win32
	EndGlobalSection
	GlobalSection(SolutionProperties) = preSolution
		HideSolutionNode = FALSE
	EndGlobalSection
EndGlobal
